// !$*UTF8*$!
{
	archiveVersion = 1;
	classes = {
	};
	objectVersion = 56;
	objects = {

/* Begin PBXBuildFile section */
		F4439FC02A6D6B2100D792C6 /* AppDelegate.swift in Sources */ = {isa = PBXBuildFile; fileRef = F4439FBF2A6D6B2100D792C6 /* AppDelegate.swift */; };
		F4439FC22A6D6B2100D792C6 /* SceneDelegate.swift in Sources */ = {isa = PBXBuildFile; fileRef = F4439FC12A6D6B2100D792C6 /* SceneDelegate.swift */; };
		F4439FC42A6D6B2100D792C6 /* ViewController.swift in Sources */ = {isa = PBXBuildFile; fileRef = F4439FC32A6D6B2100D792C6 /* ViewController.swift */; };
		F4439FC72A6D6B2100D792C6 /* Main.storyboard in Resources */ = {isa = PBXBuildFile; fileRef = F4439FC52A6D6B2100D792C6 /* Main.storyboard */; };
		F4439FC92A6D6B2200D792C6 /* Assets.xcassets in Resources */ = {isa = PBXBuildFile; fileRef = F4439FC82A6D6B2200D792C6 /* Assets.xcassets */; };
		F4439FCC2A6D6B2200D792C6 /* LaunchScreen.storyboard in Resources */ = {isa = PBXBuildFile; fileRef = F4439FCA2A6D6B2200D792C6 /* LaunchScreen.storyboard */; };
		F4439FD72A6D6B2200D792C6 /* BadgeTests.swift in Sources */ = {isa = PBXBuildFile; fileRef = F4439FD62A6D6B2200D792C6 /* BadgeTests.swift */; };
		F4439FE12A6D6B2200D792C6 /* BadgeUITests.swift in Sources */ = {isa = PBXBuildFile; fileRef = F4439FE02A6D6B2200D792C6 /* BadgeUITests.swift */; };
		F4439FE32A6D6B2200D792C6 /* BadgeUITestsLaunchTests.swift in Sources */ = {isa = PBXBuildFile; fileRef = F4439FE22A6D6B2200D792C6 /* BadgeUITestsLaunchTests.swift */; };
/* End PBXBuildFile section */

/* Begin PBXContainerItemProxy section */
		F4439FD32A6D6B2200D792C6 /* PBXContainerItemProxy */ = {
			isa = PBXContainerItemProxy;
			containerPortal = F4439FB42A6D6B2100D792C6 /* Project object */;
			proxyType = 1;
			remoteGlobalIDString = F4439FBB2A6D6B2100D792C6;
			remoteInfo = Badge;
		};
		F4439FDD2A6D6B2200D792C6 /* PBXContainerItemProxy */ = {
			isa = PBXContainerItemProxy;
			containerPortal = F4439FB42A6D6B2100D792C6 /* Project object */;
			proxyType = 1;
			remoteGlobalIDString = F4439FBB2A6D6B2100D792C6;
			remoteInfo = Badge;
		};
/* End PBXContainerItemProxy section */

/* Begin PBXFileReference section */
		F4439FBC2A6D6B2100D792C6 /* Badge.app */ = {isa = PBXFileReference; explicitFileType = wrapper.application; includeInIndex = 0; path = Badge.app; sourceTree = BUILT_PRODUCTS_DIR; };
		F4439FBF2A6D6B2100D792C6 /* AppDelegate.swift */ = {isa = PBXFileReference; lastKnownFileType = sourcecode.swift; path = AppDelegate.swift; sourceTree = "<group>"; };
		F4439FC12A6D6B2100D792C6 /* SceneDelegate.swift */ = {isa = PBXFileReference; lastKnownFileType = sourcecode.swift; path = SceneDelegate.swift; sourceTree = "<group>"; };
		F4439FC32A6D6B2100D792C6 /* ViewController.swift */ = {isa = PBXFileReference; lastKnownFileType = sourcecode.swift; path = ViewController.swift; sourceTree = "<group>"; };
		F4439FC62A6D6B2100D792C6 /* Base */ = {isa = PBXFileReference; lastKnownFileType = file.storyboard; name = Base; path = Base.lproj/Main.storyboard; sourceTree = "<group>"; };
		F4439FC82A6D6B2200D792C6 /* Assets.xcassets */ = {isa = PBXFileReference; lastKnownFileType = folder.assetcatalog; path = Assets.xcassets; sourceTree = "<group>"; };
		F4439FCB2A6D6B2200D792C6 /* Base */ = {isa = PBXFileReference; lastKnownFileType = file.storyboard; name = Base; path = Base.lproj/LaunchScreen.storyboard; sourceTree = "<group>"; };
		F4439FCD2A6D6B2200D792C6 /* Info.plist */ = {isa = PBXFileReference; lastKnownFileType = text.plist.xml; path = Info.plist; sourceTree = "<group>"; };
		F4439FD22A6D6B2200D792C6 /* BadgeTests.xctest */ = {isa = PBXFileReference; explicitFileType = wrapper.cfbundle; includeInIndex = 0; path = BadgeTests.xctest; sourceTree = BUILT_PRODUCTS_DIR; };
		F4439FD62A6D6B2200D792C6 /* BadgeTests.swift */ = {isa = PBXFileReference; lastKnownFileType = sourcecode.swift; path = BadgeTests.swift; sourceTree = "<group>"; };
		F4439FDC2A6D6B2200D792C6 /* BadgeUITests.xctest */ = {isa = PBXFileReference; explicitFileType = wrapper.cfbundle; includeInIndex = 0; path = BadgeUITests.xctest; sourceTree = BUILT_PRODUCTS_DIR; };
		F4439FE02A6D6B2200D792C6 /* BadgeUITests.swift */ = {isa = PBXFileReference; lastKnownFileType = sourcecode.swift; path = BadgeUITests.swift; sourceTree = "<group>"; };
		F4439FE22A6D6B2200D792C6 /* BadgeUITestsLaunchTests.swift */ = {isa = PBXFileReference; lastKnownFileType = sourcecode.swift; path = BadgeUITestsLaunchTests.swift; sourceTree = "<group>"; };
/* End PBXFileReference section */

/* Begin PBXFrameworksBuildPhase section */
		F4439FB92A6D6B2100D792C6 /* Frameworks */ = {
			isa = PBXFrameworksBuildPhase;
			buildActionMask = 2147483647;
			files = (
			);
			runOnlyForDeploymentPostprocessing = 0;
		};
		F4439FCF2A6D6B2200D792C6 /* Frameworks */ = {
			isa = PBXFrameworksBuildPhase;
			buildActionMask = 2147483647;
			files = (
			);
			runOnlyForDeploymentPostprocessing = 0;
		};
		F4439FD92A6D6B2200D792C6 /* Frameworks */ = {
			isa = PBXFrameworksBuildPhase;
			buildActionMask = 2147483647;
			files = (
			);
			runOnlyForDeploymentPostprocessing = 0;
		};
/* End PBXFrameworksBuildPhase section */

/* Begin PBXGroup section */
		F4439FB32A6D6B2100D792C6 = {
			isa = PBXGroup;
			children = (
				F4439FBE2A6D6B2100D792C6 /* Badge */,
				F4439FD52A6D6B2200D792C6 /* BadgeTests */,
				F4439FDF2A6D6B2200D792C6 /* BadgeUITests */,
				F4439FBD2A6D6B2100D792C6 /* Products */,
			);
			sourceTree = "<group>";
		};
		F4439FBD2A6D6B2100D792C6 /* Products */ = {
			isa = PBXGroup;
			children = (
				F4439FBC2A6D6B2100D792C6 /* Badge.app */,
				F4439FD22A6D6B2200D792C6 /* BadgeTests.xctest */,
				F4439FDC2A6D6B2200D792C6 /* BadgeUITests.xctest */,
			);
			name = Products;
			sourceTree = "<group>";
		};
		F4439FBE2A6D6B2100D792C6 /* Badge */ = {
			isa = PBXGroup;
			children = (
				F4439FBF2A6D6B2100D792C6 /* AppDelegate.swift */,
				F4439FC12A6D6B2100D792C6 /* SceneDelegate.swift */,
				F4439FC32A6D6B2100D792C6 /* ViewController.swift */,
				F4439FC52A6D6B2100D792C6 /* Main.storyboard */,
				F4439FC82A6D6B2200D792C6 /* Assets.xcassets */,
				F4439FCA2A6D6B2200D792C6 /* LaunchScreen.storyboard */,
				F4439FCD2A6D6B2200D792C6 /* Info.plist */,
			);
			path = Badge;
			sourceTree = "<group>";
		};
		F4439FD52A6D6B2200D792C6 /* BadgeTests */ = {
			isa = PBXGroup;
			children = (
				F4439FD62A6D6B2200D792C6 /* BadgeTests.swift */,
			);
			path = BadgeTests;
			sourceTree = "<group>";
		};
		F4439FDF2A6D6B2200D792C6 /* BadgeUITests */ = {
			isa = PBXGroup;
			children = (
				F4439FE02A6D6B2200D792C6 /* BadgeUITests.swift */,
				F4439FE22A6D6B2200D792C6 /* BadgeUITestsLaunchTests.swift */,
			);
			path = BadgeUITests;
			sourceTree = "<group>";
		};
/* End PBXGroup section */

/* Begin PBXNativeTarget section */
		F4439FBB2A6D6B2100D792C6 /* Badge */ = {
			isa = PBXNativeTarget;
			buildConfigurationList = F4439FE62A6D6B2200D792C6 /* Build configuration list for PBXNativeTarget "Badge" */;
			buildPhases = (
				F4439FB82A6D6B2100D792C6 /* Sources */,
				F4439FB92A6D6B2100D792C6 /* Frameworks */,
				F4439FBA2A6D6B2100D792C6 /* Resources */,
			);
			buildRules = (
			);
			dependencies = (
			);
			name = Badge;
			productName = Badge;
			productReference = F4439FBC2A6D6B2100D792C6 /* Badge.app */;
			productType = "com.apple.product-type.application";
		};
		F4439FD12A6D6B2200D792C6 /* BadgeTests */ = {
			isa = PBXNativeTarget;
			buildConfigurationList = F4439FE92A6D6B2200D792C6 /* Build configuration list for PBXNativeTarget "BadgeTests" */;
			buildPhases = (
				F4439FCE2A6D6B2200D792C6 /* Sources */,
				F4439FCF2A6D6B2200D792C6 /* Frameworks */,
				F4439FD02A6D6B2200D792C6 /* Resources */,
			);
			buildRules = (
			);
			dependencies = (
				F4439FD42A6D6B2200D792C6 /* PBXTargetDependency */,
			);
			name = BadgeTests;
			productName = BadgeTests;
			productReference = F4439FD22A6D6B2200D792C6 /* BadgeTests.xctest */;
			productType = "com.apple.product-type.bundle.unit-test";
		};
		F4439FDB2A6D6B2200D792C6 /* BadgeUITests */ = {
			isa = PBXNativeTarget;
			buildConfigurationList = F4439FEC2A6D6B2200D792C6 /* Build configuration list for PBXNativeTarget "BadgeUITests" */;
			buildPhases = (
				F4439FD82A6D6B2200D792C6 /* Sources */,
				F4439FD92A6D6B2200D792C6 /* Frameworks */,
				F4439FDA2A6D6B2200D792C6 /* Resources */,
			);
			buildRules = (
			);
			dependencies = (
				F4439FDE2A6D6B2200D792C6 /* PBXTargetDependency */,
			);
			name = BadgeUITests;
			productName = BadgeUITests;
			productReference = F4439FDC2A6D6B2200D792C6 /* BadgeUITests.xctest */;
			productType = "com.apple.product-type.bundle.ui-testing";
		};
/* End PBXNativeTarget section */

/* Begin PBXProject section */
		F4439FB42A6D6B2100D792C6 /* Project object */ = {
			isa = PBXProject;
			attributes = {
				BuildIndependentTargetsInParallel = 1;
				LastSwiftUpdateCheck = 1430;
				LastUpgradeCheck = 1430;
				TargetAttributes = {
					F4439FBB2A6D6B2100D792C6 = {
						CreatedOnToolsVersion = 14.3.1;
					};
					F4439FD12A6D6B2200D792C6 = {
						CreatedOnToolsVersion = 14.3.1;
						TestTargetID = F4439FBB2A6D6B2100D792C6;
					};
					F4439FDB2A6D6B2200D792C6 = {
						CreatedOnToolsVersion = 14.3.1;
						TestTargetID = F4439FBB2A6D6B2100D792C6;
					};
				};
			};
			buildConfigurationList = F4439FB72A6D6B2100D792C6 /* Build configuration list for PBXProject "Badge" */;
			compatibilityVersion = "Xcode 14.0";
			developmentRegion = en;
			hasScannedForEncodings = 0;
			knownRegions = (
				en,
				Base,
			);
			mainGroup = F4439FB32A6D6B2100D792C6;
			productRefGroup = F4439FBD2A6D6B2100D792C6 /* Products */;
			projectDirPath = "";
			projectRoot = "";
			targets = (
				F4439FBB2A6D6B2100D792C6 /* Badge */,
				F4439FD12A6D6B2200D792C6 /* BadgeTests */,
				F4439FDB2A6D6B2200D792C6 /* BadgeUITests */,
			);
		};
/* End PBXProject section */

/* Begin PBXResourcesBuildPhase section */
		F4439FBA2A6D6B2100D792C6 /* Resources */ = {
			isa = PBXResourcesBuildPhase;
			buildActionMask = 2147483647;
			files = (
				F4439FCC2A6D6B2200D792C6 /* LaunchScreen.storyboard in Resources */,
				F4439FC92A6D6B2200D792C6 /* Assets.xcassets in Resources */,
				F4439FC72A6D6B2100D792C6 /* Main.storyboard in Resources */,
			);
			runOnlyForDeploymentPostprocessing = 0;
		};
		F4439FD02A6D6B2200D792C6 /* Resources */ = {
			isa = PBXResourcesBuildPhase;
			buildActionMask = 2147483647;
			files = (
			);
			runOnlyForDeploymentPostprocessing = 0;
		};
		F4439FDA2A6D6B2200D792C6 /* Resources */ = {
			isa = PBXResourcesBuildPhase;
			buildActionMask = 2147483647;
			files = (
			);
			runOnlyForDeploymentPostprocessing = 0;
		};
/* End PBXResourcesBuildPhase section */

/* Begin PBXSourcesBuildPhase section */
		F4439FB82A6D6B2100D792C6 /* Sources */ = {
			isa = PBXSourcesBuildPhase;
			buildActionMask = 2147483647;
			files = (
				F4439FC42A6D6B2100D792C6 /* ViewController.swift in Sources */,
				F4439FC02A6D6B2100D792C6 /* AppDelegate.swift in Sources */,
				F4439FC22A6D6B2100D792C6 /* SceneDelegate.swift in Sources */,
			);
			runOnlyForDeploymentPostprocessing = 0;
		};
		F4439FCE2A6D6B2200D792C6 /* Sources */ = {
			isa = PBXSourcesBuildPhase;
			buildActionMask = 2147483647;
			files = (
				F4439FD72A6D6B2200D792C6 /* BadgeTests.swift in Sources */,
			);
			runOnlyForDeploymentPostprocessing = 0;
		};
		F4439FD82A6D6B2200D792C6 /* Sources */ = {
			isa = PBXSourcesBuildPhase;
			buildActionMask = 2147483647;
			files = (
				F4439FE32A6D6B2200D792C6 /* BadgeUITestsLaunchTests.swift in Sources */,
				F4439FE12A6D6B2200D792C6 /* BadgeUITests.swift in Sources */,
			);
			runOnlyForDeploymentPostprocessing = 0;
		};
/* End PBXSourcesBuildPhase section */

/* Begin PBXTargetDependency section */
		F4439FD42A6D6B2200D792C6 /* PBXTargetDependency */ = {
			isa = PBXTargetDependency;
			target = F4439FBB2A6D6B2100D792C6 /* Badge */;
			targetProxy = F4439FD32A6D6B2200D792C6 /* PBXContainerItemProxy */;
		};
		F4439FDE2A6D6B2200D792C6 /* PBXTargetDependency */ = {
			isa = PBXTargetDependency;
			target = F4439FBB2A6D6B2100D792C6 /* Badge */;
			targetProxy = F4439FDD2A6D6B2200D792C6 /* PBXContainerItemProxy */;
		};
/* End PBXTargetDependency section */

/* Begin PBXVariantGroup section */
		F4439FC52A6D6B2100D792C6 /* Main.storyboard */ = {
			isa = PBXVariantGroup;
			children = (
				F4439FC62A6D6B2100D792C6 /* Base */,
			);
			name = Main.storyboard;
			sourceTree = "<group>";
		};
		F4439FCA2A6D6B2200D792C6 /* LaunchScreen.storyboard */ = {
			isa = PBXVariantGroup;
			children = (
				F4439FCB2A6D6B2200D792C6 /* Base */,
			);
			name = LaunchScreen.storyboard;
			sourceTree = "<group>";
		};
/* End PBXVariantGroup section */

/* Begin XCBuildConfiguration section */
		F4439FE42A6D6B2200D792C6 /* Debug */ = {
			isa = XCBuildConfiguration;
			buildSettings = {
				ALWAYS_SEARCH_USER_PATHS = NO;
				CLANG_ANALYZER_NONNULL = YES;
				CLANG_ANALYZER_NUMBER_OBJECT_CONVERSION = YES_AGGRESSIVE;
				CLANG_CXX_LANGUAGE_STANDARD = "gnu++20";
				CLANG_ENABLE_MODULES = YES;
				CLANG_ENABLE_OBJC_ARC = YES;
				CLANG_ENABLE_OBJC_WEAK = YES;
				CLANG_WARN_BLOCK_CAPTURE_AUTORELEASING = YES;
				CLANG_WARN_BOOL_CONVERSION = YES;
				CLANG_WARN_COMMA = YES;
				CLANG_WARN_CONSTANT_CONVERSION = YES;
				CLANG_WARN_DEPRECATED_OBJC_IMPLEMENTATIONS = YES;
				CLANG_WARN_DIRECT_OBJC_ISA_USAGE = YES_ERROR;
				CLANG_WARN_DOCUMENTATION_COMMENTS = YES;
				CLANG_WARN_EMPTY_BODY = YES;
				CLANG_WARN_ENUM_CONVERSION = YES;
				CLANG_WARN_INFINITE_RECURSION = YES;
				CLANG_WARN_INT_CONVERSION = YES;
				CLANG_WARN_NON_LITERAL_NULL_CONVERSION = YES;
				CLANG_WARN_OBJC_IMPLICIT_RETAIN_SELF = YES;
				CLANG_WARN_OBJC_LITERAL_CONVERSION = YES;
				CLANG_WARN_OBJC_ROOT_CLASS = YES_ERROR;
				CLANG_WARN_QUOTED_INCLUDE_IN_FRAMEWORK_HEADER = YES;
				CLANG_WARN_RANGE_LOOP_ANALYSIS = YES;
				CLANG_WARN_STRICT_PROTOTYPES = YES;
				CLANG_WARN_SUSPICIOUS_MOVE = YES;
				CLANG_WARN_UNGUARDED_AVAILABILITY = YES_AGGRESSIVE;
				CLANG_WARN_UNREACHABLE_CODE = YES;
				CLANG_WARN__DUPLICATE_METHOD_MATCH = YES;
				COPY_PHASE_STRIP = NO;
				DEBUG_INFORMATION_FORMAT = dwarf;
				ENABLE_STRICT_OBJC_MSGSEND = YES;
				ENABLE_TESTABILITY = YES;
				GCC_C_LANGUAGE_STANDARD = gnu11;
				GCC_DYNAMIC_NO_PIC = NO;
				GCC_NO_COMMON_BLOCKS = YES;
				GCC_OPTIMIZATION_LEVEL = 0;
				GCC_PREPROCESSOR_DEFINITIONS = (
					"DEBUG=1",
					"$(inherited)",
				);
				GCC_WARN_64_TO_32_BIT_CONVERSION = YES;
				GCC_WARN_ABOUT_RETURN_TYPE = YES_ERROR;
				GCC_WARN_UNDECLARED_SELECTOR = YES;
				GCC_WARN_UNINITIALIZED_AUTOS = YES_AGGRESSIVE;
				GCC_WARN_UNUSED_FUNCTION = YES;
				GCC_WARN_UNUSED_VARIABLE = YES;
				IPHONEOS_DEPLOYMENT_TARGET = 16.4;
				MTL_ENABLE_DEBUG_INFO = INCLUDE_SOURCE;
				MTL_FAST_MATH = YES;
				ONLY_ACTIVE_ARCH = YES;
				SDKROOT = iphoneos;
				SWIFT_ACTIVE_COMPILATION_CONDITIONS = DEBUG;
				SWIFT_OPTIMIZATION_LEVEL = "-Onone";
			};
			name = Debug;
		};
		F4439FE52A6D6B2200D792C6 /* Release */ = {
			isa = XCBuildConfiguration;
			buildSettings = {
				ALWAYS_SEARCH_USER_PATHS = NO;
				CLANG_ANALYZER_NONNULL = YES;
				CLANG_ANALYZER_NUMBER_OBJECT_CONVERSION = YES_AGGRESSIVE;
				CLANG_CXX_LANGUAGE_STANDARD = "gnu++20";
				CLANG_ENABLE_MODULES = YES;
				CLANG_ENABLE_OBJC_ARC = YES;
				CLANG_ENABLE_OBJC_WEAK = YES;
				CLANG_WARN_BLOCK_CAPTURE_AUTORELEASING = YES;
				CLANG_WARN_BOOL_CONVERSION = YES;
				CLANG_WARN_COMMA = YES;
				CLANG_WARN_CONSTANT_CONVERSION = YES;
				CLANG_WARN_DEPRECATED_OBJC_IMPLEMENTATIONS = YES;
				CLANG_WARN_DIRECT_OBJC_ISA_USAGE = YES_ERROR;
				CLANG_WARN_DOCUMENTATION_COMMENTS = YES;
				CLANG_WARN_EMPTY_BODY = YES;
				CLANG_WARN_ENUM_CONVERSION = YES;
				CLANG_WARN_INFINITE_RECURSION = YES;
				CLANG_WARN_INT_CONVERSION = YES;
				CLANG_WARN_NON_LITERAL_NULL_CONVERSION = YES;
				CLANG_WARN_OBJC_IMPLICIT_RETAIN_SELF = YES;
				CLANG_WARN_OBJC_LITERAL_CONVERSION = YES;
				CLANG_WARN_OBJC_ROOT_CLASS = YES_ERROR;
				CLANG_WARN_QUOTED_INCLUDE_IN_FRAMEWORK_HEADER = YES;
				CLANG_WARN_RANGE_LOOP_ANALYSIS = YES;
				CLANG_WARN_STRICT_PROTOTYPES = YES;
				CLANG_WARN_SUSPICIOUS_MOVE = YES;
				CLANG_WARN_UNGUARDED_AVAILABILITY = YES_AGGRESSIVE;
				CLANG_WARN_UNREACHABLE_CODE = YES;
				CLANG_WARN__DUPLICATE_METHOD_MATCH = YES;
				COPY_PHASE_STRIP = NO;
				DEBUG_INFORMATION_FORMAT = "dwarf-with-dsym";
				ENABLE_NS_ASSERTIONS = NO;
				ENABLE_STRICT_OBJC_MSGSEND = YES;
				GCC_C_LANGUAGE_STANDARD = gnu11;
				GCC_NO_COMMON_BLOCKS = YES;
				GCC_WARN_64_TO_32_BIT_CONVERSION = YES;
				GCC_WARN_ABOUT_RETURN_TYPE = YES_ERROR;
				GCC_WARN_UNDECLARED_SELECTOR = YES;
				GCC_WARN_UNINITIALIZED_AUTOS = YES_AGGRESSIVE;
				GCC_WARN_UNUSED_FUNCTION = YES;
				GCC_WARN_UNUSED_VARIABLE = YES;
				IPHONEOS_DEPLOYMENT_TARGET = 16.4;
				MTL_ENABLE_DEBUG_INFO = NO;
				MTL_FAST_MATH = YES;
				SDKROOT = iphoneos;
				SWIFT_COMPILATION_MODE = wholemodule;
				SWIFT_OPTIMIZATION_LEVEL = "-O";
				VALIDATE_PRODUCT = YES;
			};
			name = Release;
		};
		F4439FE72A6D6B2200D792C6 /* Debug */ = {
			isa = XCBuildConfiguration;
			buildSettings = {
				ASSETCATALOG_COMPILER_APPICON_NAME = AppIcon;
				ASSETCATALOG_COMPILER_GLOBAL_ACCENT_COLOR_NAME = AccentColor;
				CODE_SIGN_STYLE = Automatic;
				CURRENT_PROJECT_VERSION = 1;
				GENERATE_INFOPLIST_FILE = YES;
				INFOPLIST_FILE = Badge/Info.plist;
				INFOPLIST_KEY_UIApplicationSupportsIndirectInputEvents = YES;
				INFOPLIST_KEY_UILaunchStoryboardName = LaunchScreen;
				INFOPLIST_KEY_UIMainStoryboardFile = Main;
				INFOPLIST_KEY_UISupportedInterfaceOrientations_iPad = "UIInterfaceOrientationPortrait UIInterfaceOrientationPortraitUpsideDown UIInterfaceOrientationLandscapeLeft UIInterfaceOrientationLandscapeRight";
				INFOPLIST_KEY_UISupportedInterfaceOrientations_iPhone = "UIInterfaceOrientationPortrait UIInterfaceOrientationLandscapeLeft UIInterfaceOrientationLandscapeRight";
				LD_RUNPATH_SEARCH_PATHS = (
					"$(inherited)",
					"@executable_path/Frameworks",
				);
				MARKETING_VERSION = 1.0;
				PRODUCT_BUNDLE_IDENTIFIER = com.Badge;
				PRODUCT_NAME = "$(TARGET_NAME)";
				SWIFT_EMIT_LOC_STRINGS = YES;
				SWIFT_VERSION = 5.0;
				TARGETED_DEVICE_FAMILY = "1,2";
			};
			name = Debug;
		};
		F4439FE82A6D6B2200D792C6 /* Release */ = {
			isa = XCBuildConfiguration;
			buildSettings = {
				ASSETCATALOG_COMPILER_APPICON_NAME = AppIcon;
				ASSETCATALOG_COMPILER_GLOBAL_ACCENT_COLOR_NAME = AccentColor;
				CODE_SIGN_STYLE = Automatic;
				CURRENT_PROJECT_VERSION = 1;
				GENERATE_INFOPLIST_FILE = YES;
				INFOPLIST_FILE = Badge/Info.plist;
				INFOPLIST_KEY_UIApplicationSupportsIndirectInputEvents = YES;
				INFOPLIST_KEY_UILaunchStoryboardName = LaunchScreen;
				INFOPLIST_KEY_UIMainStoryboardFile = Main;
				INFOPLIST_KEY_UISupportedInterfaceOrientations_iPad = "UIInterfaceOrientationPortrait UIInterfaceOrientationPortraitUpsideDown UIInterfaceOrientationLandscapeLeft UIInterfaceOrientationLandscapeRight";
				INFOPLIST_KEY_UISupportedInterfaceOrientations_iPhone = "UIInterfaceOrientationPortrait UIInterfaceOrientationLandscapeLeft UIInterfaceOrientationLandscapeRight";
				LD_RUNPATH_SEARCH_PATHS = (
					"$(inherited)",
					"@executable_path/Frameworks",
				);
				MARKETING_VERSION = 1.0;
				PRODUCT_BUNDLE_IDENTIFIER = com.Badge;
				PRODUCT_NAME = "$(TARGET_NAME)";
				SWIFT_EMIT_LOC_STRINGS = YES;
				SWIFT_VERSION = 5.0;
				TARGETED_DEVICE_FAMILY = "1,2";
			};
			name = Release;
		};
		F4439FEA2A6D6B2200D792C6 /* Debug */ = {
			isa = XCBuildConfiguration;
			buildSettings = {
				ALWAYS_EMBED_SWIFT_STANDARD_LIBRARIES = YES;
				BUNDLE_LOADER = "$(TEST_HOST)";
				CODE_SIGN_STYLE = Automatic;
				CURRENT_PROJECT_VERSION = 1;
				GENERATE_INFOPLIST_FILE = YES;
				IPHONEOS_DEPLOYMENT_TARGET = 16.4;
				MARKETING_VERSION = 1.0;
				PRODUCT_BUNDLE_IDENTIFIER = com.BadgeTests;
				PRODUCT_NAME = "$(TARGET_NAME)";
				SWIFT_EMIT_LOC_STRINGS = NO;
				SWIFT_VERSION = 5.0;
				TARGETED_DEVICE_FAMILY = "1,2";
				TEST_HOST = "$(BUILT_PRODUCTS_DIR)/Badge.app/$(BUNDLE_EXECUTABLE_FOLDER_PATH)/Badge";
			};
			name = Debug;
		};
		F4439FEB2A6D6B2200D792C6 /* Release */ = {
			isa = XCBuildConfiguration;
			buildSettings = {
				ALWAYS_EMBED_SWIFT_STANDARD_LIBRARIES = YES;
				BUNDLE_LOADER = "$(TEST_HOST)";
				CODE_SIGN_STYLE = Automatic;
				CURRENT_PROJECT_VERSION = 1;
				GENERATE_INFOPLIST_FILE = YES;
				IPHONEOS_DEPLOYMENT_TARGET = 16.4;
				MARKETING_VERSION = 1.0;
				PRODUCT_BUNDLE_IDENTIFIER = com.BadgeTests;
				PRODUCT_NAME = "$(TARGET_NAME)";
				SWIFT_EMIT_LOC_STRINGS = NO;
				SWIFT_VERSION = 5.0;
				TARGETED_DEVICE_FAMILY = "1,2";
				TEST_HOST = "$(BUILT_PRODUCTS_DIR)/Badge.app/$(BUNDLE_EXECUTABLE_FOLDER_PATH)/Badge";
			};
			name = Release;
		};
		F4439FED2A6D6B2200D792C6 /* Debug */ = {
			isa = XCBuildConfiguration;
			buildSettings = {
				ALWAYS_EMBED_SWIFT_STANDARD_LIBRARIES = YES;
				CODE_SIGN_STYLE = Automatic;
				CURRENT_PROJECT_VERSION = 1;
				GENERATE_INFOPLIST_FILE = YES;
				MARKETING_VERSION = 1.0;
				PRODUCT_BUNDLE_IDENTIFIER = com.BadgeUITests;
				PRODUCT_NAME = "$(TARGET_NAME)";
				SWIFT_EMIT_LOC_STRINGS = NO;
				SWIFT_VERSION = 5.0;
				TARGETED_DEVICE_FAMILY = "1,2";
				TEST_TARGET_NAME = Badge;
			};
			name = Debug;
		};
		F4439FEE2A6D6B2200D792C6 /* Release */ = {
			isa = XCBuildConfiguration;
			buildSettings = {
				ALWAYS_EMBED_SWIFT_STANDARD_LIBRARIES = YES;
				CODE_SIGN_STYLE = Automatic;
				CURRENT_PROJECT_VERSION = 1;
				GENERATE_INFOPLIST_FILE = YES;
				MARKETING_VERSION = 1.0;
				PRODUCT_BUNDLE_IDENTIFIER = com.BadgeUITests;
				PRODUCT_NAME = "$(TARGET_NAME)";
				SWIFT_EMIT_LOC_STRINGS = NO;
				SWIFT_VERSION = 5.0;
				TARGETED_DEVICE_FAMILY = "1,2";
				TEST_TARGET_NAME = Badge;
			};
			name = Release;
		};
/* End XCBuildConfiguration section */

/* Begin XCConfigurationList section */
		F4439FB72A6D6B2100D792C6 /* Build configuration list for PBXProject "Badge" */ = {
			isa = XCConfigurationList;
			buildConfigurations = (
				F4439FE42A6D6B2200D792C6 /* Debug */,
				F4439FE52A6D6B2200D792C6 /* Release */,
			);
			defaultConfigurationIsVisible = 0;
			defaultConfigurationName = Release;
		};
		F4439FE62A6D6B2200D792C6 /* Build configuration list for PBXNativeTarget "Badge" */ = {
			isa = XCConfigurationList;
			buildConfigurations = (
				F4439FE72A6D6B2200D792C6 /* Debug */,
				F4439FE82A6D6B2200D792C6 /* Release */,
			);
			defaultConfigurationIsVisible = 0;
			defaultConfigurationName = Release;
		};
		F4439FE92A6D6B2200D792C6 /* Build configuration list for PBXNativeTarget "BadgeTests" */ = {
			isa = XCConfigurationList;
			buildConfigurations = (
				F4439FEA2A6D6B2200D792C6 /* Debug */,
				F4439FEB2A6D6B2200D792C6 /* Release */,
			);
			defaultConfigurationIsVisible = 0;
			defaultConfigurationName = Release;
		};
		F4439FEC2A6D6B2200D792C6 /* Build configuration list for PBXNativeTarget "BadgeUITests" */ = {
			isa = XCConfigurationList;
			buildConfigurations = (
				F4439FED2A6D6B2200D792C6 /* Debug */,
				F4439FEE2A6D6B2200D792C6 /* Release */,
			);
			defaultConfigurationIsVisible = 0;
			defaultConfigurationName = Release;
		};
/* End XCConfigurationList section */
	};
	rootObject = F4439FB42A6D6B2100D792C6 /* Project object */;
}
